
Microsoft Visual Studio Solution File, Format Version 12.00
# Visual Studio Version 16
VisualStudioVersion = 16.0.29326.143
MinimumVisualStudioVersion = 10.0.40219.1
Project("{FAE04EC0-301F-11D3-BF4B-00C04F79EFBC}") = "GenericList", "GenericList.csproj", "{4433E61D-4DE9-4CB4-9423-5AD52394D876}"
EndProject
Global
	GlobalSection(SolutionConfigurationPlatforms) = preSolution
		Debug|Any CPU = Debug|Any CPU
		Release|Any CPU = Release|Any CPU
	EndGlobalSection
	GlobalSection(ProjectConfigurationPlatforms) = postSolution
		{4433E61D-4DE9-4CB4-9423-5AD52394D876}.Debug|Any CPU.ActiveCfg = Debug|Any CPU
		{4433E61D-4DE9-4CB4-9423-5AD52394D876}.Debug|Any CPU.Build.0 = Debug|Any CPU
		{4433E61D-4DE9-4CB4-9423-5AD52394D876}.Release|Any CPU.ActiveCfg = Release|Any CPU
		{4433E61D-4DE9-4CB4-9423-5AD52394D876}.Release|Any CPU.Build.0 = Release|Any CPU
	EndGlobalSection
	GlobalSection(SolutionProperties) = preSolution
		HideSolutionNode = FALSE
	EndGlobalSection
	GlobalSection(ExtensibilityGlobals) = postSolution
		SolutionGuid = {DDCFE1DC-1BDC-4F3F-8329-CEE945327224}
	EndGlobalSection
EndGlobal
